
Microsoft Visual Studio Solution File, Format Version 12.00
# Visual Studio Version 16
VisualStudioVersion = 16.0.29102.190
MinimumVisualStudioVersion = 10.0.40219.1
Project("{FAE04EC0-301F-11D3-BF4B-00C04F79EFBC}") = "Exercise01", "Exercise01\Exercise01.csproj", "{A9491D39-FAC0-4DF5-88F5-384439931886}"
EndProject
Global
	GlobalSection(SolutionConfigurationPlatforms) = preSolution
		Debug|Any CPU = Debug|Any CPU
		Release|Any CPU = Release|Any CPU
	EndGlobalSection
	GlobalSection(ProjectConfigurationPlatforms) = postSolution
		{A9491D39-FAC0-4DF5-88F5-384439931886}.Debug|Any CPU.ActiveCfg = Debug|Any CPU
		{A9491D39-FAC0-4DF5-88F5-384439931886}.Debug|Any CPU.Build.0 = Debug|Any CPU
		{A9491D39-FAC0-4DF5-88F5-384439931886}.Release|Any CPU.ActiveCfg = Release|Any CPU
		{A9491D39-FAC0-4DF5-88F5-384439931886}.Release|Any CPU.Build.0 = Release|Any CPU
	EndGlobalSection
	GlobalSection(SolutionProperties) = preSolution
		HideSolutionNode = FALSE
	EndGlobalSection
	GlobalSection(ExtensibilityGlobals) = postSolution
		SolutionGuid = {5FE804B0-AE24-45B0-8A71-A3C843CFB465}
	EndGlobalSection
EndGlobal
